{
  "name": "@bishalshrestha/dock-selenium",
  "version": "1.0.0",
  "lockfileVersion": 3,
  "requires": true,
  "packages": {
    "": {
      "name": "@bishalshrestha/dock-selenium",
      "version": "1.0.0",
      "license": "ISC",
      "dependencies": {
        "selenium": "^2.20.0"
      },
      "devDependencies": {}
    },
    "node_modules/selenium": {
      "version": "2.20.0",
      "resolved": "https://registry.npmjs.org/selenium/-/selenium-2.20.0.tgz",
      "integrity": "sha512-Rs3db66ZOrs55MKWNAncCQiNLwYbQswDMVbyutT/8utJTkO8FzhdQT/0UG2xFMxdqxcxxVUnpHlyTGHi43mtSg==",
      "bin": {
        "selenium": "bin/selenium"
      },
      "engines": {
        "node": "> 0.4.x"
      }
    }
  }
}
